# This file is automatically @generated by Cargo.
# It is not intended for manual editing.
version = 3

[[package]]
name = "aoc-2023-14"
version = "0.1.0"
dependencies = [
 "array2d",
]

[[package]]
name = "array2d"
version = "0.3.1"
source = "registry+https://github.com/rust-lang/crates.io-index"
checksum = "94ad5242bab1ff9b496507236c8b8f47d5ba476a37aade93b2ebe60093b3c065"
